<?xml version="1.0" encoding="utf-8"?>
<Project ToolsVersion="4.0" xmlns="http://schemas.microsoft.com/developer/msbuild/2003">
  <ItemGroup>
    <Filter Include="Source Files">
      <UniqueIdentifier>{4FC737F1-C7A5-4376-A066-2A32D752A2FF}</UniqueIdentifier>
      <Extensions>cpp;c;cc;cxx;def;odl;idl;hpj;bat;asm;asmx</Extensions>
    </Filter>
    <Filter Include="Source Files\Misc">
      <UniqueIdentifier>{45f72ae4-32d3-4c19-b7a2-f48145ab3c61}</UniqueIdentifier>
    </Filter>
    <Filter Include="Header Files">
      <UniqueIdentifier>{93995380-89BD-4b04-88EB-625FBE52EBFB}</UniqueIdentifier>
      <Extensions>h;hpp;hxx;hm;inl;inc;xsd</Extensions>
    </Filter>
    <Filter Include="Header Files\Lua">
      <UniqueIdentifier>{2e063713-2a85-43c0-8e2d-51c57ccd7d5b}</UniqueIdentifier>
    </Filter>
    <Filter Include="Header Files\Misc">
      <UniqueIdentifier>{16fd4262-8716-47b8-9e5c-229735e5b45d}</UniqueIdentifier>
    </Filter>
  </ItemGroup>
  <ItemGroup>
    <ClCompile Include="gmod_se_bypass.cpp">
      <Filter>Source Files</Filter>
    </ClCompile>
    <ClCompile Include="stdafx.cpp">
      <Filter>Source Files</Filter>
    </ClCompile>
    <ClCompile Include="CDetour\ADE32.cpp">
      <Filter>Source Files\Misc</Filter>
    </ClCompile>
    <ClCompile Include="App.cpp">
      <Filter>Source Files\Misc</Filter>
    </ClCompile>
    <ClCompile Include="CDetour\CDetour.cpp">
      <Filter>Source Files\Misc</Filter>
    </ClCompile>
  </ItemGroup>
  <ItemGroup>
    <ClInclude Include="stdafx.h">
      <Filter>Header Files</Filter>
    </ClInclude>
    <ClInclude Include="secretheaders\GMLuaModule.h">
      <Filter>Header Files\Lua</Filter>
    </ClInclude>
    <ClInclude Include="secretheaders\ILuaInterface.h">
      <Filter>Header Files\Lua</Filter>
    </ClInclude>
    <ClInclude Include="secretheaders\ILuaModuleManager.h">
      <Filter>Header Files\Lua</Filter>
    </ClInclude>
    <ClInclude Include="secretheaders\ILuaObject.h">
      <Filter>Header Files\Lua</Filter>
    </ClInclude>
    <ClInclude Include="secretheaders\ILuaShared.h">
      <Filter>Header Files\Lua</Filter>
    </ClInclude>
    <ClInclude Include="IScriptEnforcer.h">
      <Filter>Header Files\Lua</Filter>
    </ClInclude>
    <ClInclude Include="CDetour\ADE32.h">
      <Filter>Header Files\Misc</Filter>
    </ClInclude>
    <ClInclude Include="App.h">
      <Filter>Header Files\Misc</Filter>
    </ClInclude>
    <ClInclude Include="CDetour\CDetour.h">
      <Filter>Header Files\Misc</Filter>
    </ClInclude>
  </ItemGroup>
</Project>