<?xml version="1.0" encoding="utf-8"?>
<Project ToolsVersion="4.0" xmlns="http://schemas.microsoft.com/developer/msbuild/2003">
  <ItemGroup>
    <Filter Include="Source Files">
      <UniqueIdentifier>{4FC737F1-C7A5-4376-A066-2A32D752A2FF}</UniqueIdentifier>
      <Extensions>cpp;c;cc;cxx;def;odl;idl;hpj;bat;asm;asmx</Extensions>
    </Filter>
    <Filter Include="Header Files">
      <UniqueIdentifier>{93995380-89BD-4b04-88EB-625FBE52EBFB}</UniqueIdentifier>
      <Extensions>h;hpp;hxx;hm;inl;inc;xsd</Extensions>
    </Filter>
    <Filter Include="Resource Files">
      <UniqueIdentifier>{67DA6AB6-F800-4c08-8B7A-83BB121AAD01}</UniqueIdentifier>
      <Extensions>rc;ico;cur;bmp;dlg;rc2;rct;bin;rgs;gif;jpg;jpeg;jpe;resx;tiff;tif;png;wav;mfcribbon-ms</Extensions>
    </Filter>
    <Filter Include="Source Files\CDetour">
      <UniqueIdentifier>{c2f6cf34-a818-424a-8ded-56518dcb47bf}</UniqueIdentifier>
    </Filter>
    <Filter Include="Source Files\hack">
      <UniqueIdentifier>{7e01f2eb-b7bc-4b6a-8470-0210b7b852aa}</UniqueIdentifier>
    </Filter>
  </ItemGroup>
  <ItemGroup>
    <ClCompile Include="int.cpp">
      <Filter>Source Files</Filter>
    </ClCompile>
    <ClCompile Include="CDetour\ADE32.cpp">
      <Filter>Source Files\CDetour</Filter>
    </ClCompile>
    <ClCompile Include="CDetour\CDetour.cpp">
      <Filter>Source Files\CDetour</Filter>
    </ClCompile>
    <ClCompile Include="stdafx.cpp">
      <Filter>Source Files\CDetour</Filter>
    </ClCompile>
    <ClCompile Include="nospread.cpp">
      <Filter>Source Files\hack</Filter>
    </ClCompile>
  </ItemGroup>
  <ItemGroup>
    <ClInclude Include="int.h">
      <Filter>Source Files</Filter>
    </ClInclude>
    <ClInclude Include="scriptenforcer.h">
      <Filter>Source Files</Filter>
    </ClInclude>
    <ClInclude Include="CDetour\ADE32.h">
      <Filter>Source Files\CDetour</Filter>
    </ClInclude>
    <ClInclude Include="CDetour\CDetour.h">
      <Filter>Source Files\CDetour</Filter>
    </ClInclude>
    <ClInclude Include="stdafx.h">
      <Filter>Source Files\CDetour</Filter>
    </ClInclude>
    <ClInclude Include="nospread.h">
      <Filter>Source Files\hack</Filter>
    </ClInclude>
  </ItemGroup>
</Project>